# This file was autogenerated by Stack.
# You should not edit this file by hand.
# For more information, please see the documentation at:
#   https://docs.haskellstack.org/en/stable/topics/lock_files

packages:
- completed:
    hackage: ieee-utils-tempfix-0.4.0.1@sha256:435f35ed975e6562a9cd825008ffcdf56bddf105b87755aae4e297f0c4bddd57,1263
    pantry-tree:
      sha256: ac331b08647d2f36b5d823d3aa08715098f7a117f099cfdc9e0443d33bb8d550
      size: 433
  original:
    hackage: ieee-utils-tempfix-0.4.0.1@sha256:435f35ed975e6562a9cd825008ffcdf56bddf105b87755aae4e297f0c4bddd57,1263
- completed:
    hackage: rounded-1.1.1@sha256:006b8f99f4a3cc913a1fc4248cf58c4f03ade52b661a558c6d9e3b47eff10c80,3475
    pantry-tree:
      sha256: c9c3a18e7bcacd60c795ca1f15d3c2ef810703ea3a5ecb9bb49f20485e01ee93
      size: 1112
  original:
    hackage: rounded-1.1.1@sha256:006b8f99f4a3cc913a1fc4248cf58c4f03ade52b661a558c6d9e3b47eff10c80,3475
- completed:
    hackage: hgmp-0.1.2.1@sha256:9d247b386e069de731442038988a5cf4bb221913ceb9f639215dd52856472088,2421
    pantry-tree:
      sha256: ce4feae8e8c84f55eb7db2cb836290ef2fd301de87586c75094f2c040bb9a2b7
      size: 687
  original:
    hackage: hgmp-0.1.2.1@sha256:9d247b386e069de731442038988a5cf4bb221913ceb9f639215dd52856472088,2421
- completed:
    hackage: long-double-0.1.1.1@sha256:3973211b218d231cbbc3626ca1e705e4cf70bf50114bf875898f6e3d38ea3d3a,2417
    pantry-tree:
      sha256: 178b82e1265b1ced312485156dc2be2faf7efc4a555d75173169df48d17b7913
      size: 889
  original:
    hackage: long-double-0.1.1.1@sha256:3973211b218d231cbbc3626ca1e705e4cf70bf50114bf875898f6e3d38ea3d3a,2417
snapshots:
- completed:
    sha256: 238fa745b64f91184f9aa518fe04bdde6552533d169b0da5256670df83a0f1a9
    size: 721141
    url: https://raw.githubusercontent.com/commercialhaskell/stackage-snapshots/master/lts/22/44.yaml
  original: lts-22.44
