# This file was autogenerated by Stack.
# You should not edit this file by hand.
# For more information, please see the documentation at:
#   https://docs.haskellstack.org/en/stable/topics/lock_files

packages:
- completed:
    hackage: cdar-mBound-0.1.0.4@sha256:54200ee90a5dae9460a9f75bf5e4e7d41f092432f5d798e218b9d378f18a596f,4271
    pantry-tree:
      sha256: 0619c9449045b34926a31974581078e28a241a04bbf31affa0b6fcf7a4a791c7
      size: 879
  original:
    hackage: cdar-mBound-0.1.0.4
- completed:
    hackage: collect-errors-0.1.6.0@sha256:a146517caf3b550f4c77090b63da2ad915dc7051ac8cff3b546cf384eb811894,1297
    pantry-tree:
      sha256: 5bbbe10ea8e844e864e577c1c20b119d9e2de1ea63f0f3e700bf47d9e2e066b8
      size: 715
  original:
    hackage: collect-errors-0.1.6.0
- completed:
    hackage: mixed-types-num-0.6.2@sha256:b81f53db64835e43764ce8c25820ee3ed95693d13dec8eb5981eaef168d72663,3245
    pantry-tree:
      sha256: b668482a5c7e48635f09a5610b39c091c1a61360882965c43ab6ed41725df912
      size: 2593
  original:
    hackage: mixed-types-num-0.6.2
snapshots:
- completed:
    sha256: 238fa745b64f91184f9aa518fe04bdde6552533d169b0da5256670df83a0f1a9
    size: 721141
    url: https://raw.githubusercontent.com/commercialhaskell/stackage-snapshots/master/lts/22/44.yaml
  original: lts-22.44
